
Microsoft Visual Studio Solution File, Format Version 12.00
# Visual Studio Version 16
VisualStudioVersion = 16.0.32510.428
MinimumVisualStudioVersion = 10.0.40219.1
Project("{FAE04EC0-301F-11D3-BF4B-00C04F79EFBC}") = "ConsoleApp1", "ConsoleApp1\ConsoleApp1.csproj", "{2C88E777-2BA9-4889-908A-2571B5D7F172}"
EndProject
Global
	GlobalSection(SolutionConfigurationPlatforms) = preSolution
		Debug|Any CPU = Debug|Any CPU
		Release|Any CPU = Release|Any CPU
	EndGlobalSection
	GlobalSection(ProjectConfigurationPlatforms) = postSolution
		{2C88E777-2BA9-4889-908A-2571B5D7F172}.Debug|Any CPU.ActiveCfg = Debug|Any CPU
		{2C88E777-2BA9-4889-908A-2571B5D7F172}.Debug|Any CPU.Build.0 = Debug|Any CPU
		{2C88E777-2BA9-4889-908A-2571B5D7F172}.Release|Any CPU.ActiveCfg = Release|Any CPU
		{2C88E777-2BA9-4889-908A-2571B5D7F172}.Release|Any CPU.Build.0 = Release|Any CPU
	EndGlobalSection
	GlobalSection(SolutionProperties) = preSolution
		HideSolutionNode = FALSE
	EndGlobalSection
	GlobalSection(ExtensibilityGlobals) = postSolution
		SolutionGuid = {D8E6683B-9995-44BE-9A15-4756F52BEC32}
	EndGlobalSection
EndGlobal
