
Microsoft Visual Studio Solution File, Format Version 12.00
# Visual Studio Version 16
VisualStudioVersion = 16.0.32510.428
MinimumVisualStudioVersion = 10.0.40219.1
Project("{FAE04EC0-301F-11D3-BF4B-00C04F79EFBC}") = "WebApplication2", "WebApplication2\WebApplication2.csproj", "{770E327C-6007-4714-92FB-050D646B3123}"
EndProject
Global
	GlobalSection(SolutionConfigurationPlatforms) = preSolution
		Debug|Any CPU = Debug|Any CPU
		Release|Any CPU = Release|Any CPU
	EndGlobalSection
	GlobalSection(ProjectConfigurationPlatforms) = postSolution
		{770E327C-6007-4714-92FB-050D646B3123}.Debug|Any CPU.ActiveCfg = Debug|Any CPU
		{770E327C-6007-4714-92FB-050D646B3123}.Debug|Any CPU.Build.0 = Debug|Any CPU
		{770E327C-6007-4714-92FB-050D646B3123}.Release|Any CPU.ActiveCfg = Release|Any CPU
		{770E327C-6007-4714-92FB-050D646B3123}.Release|Any CPU.Build.0 = Release|Any CPU
	EndGlobalSection
	GlobalSection(SolutionProperties) = preSolution
		HideSolutionNode = FALSE
	EndGlobalSection
	GlobalSection(ExtensibilityGlobals) = postSolution
		SolutionGuid = {E84D9215-9FF6-47F5-95B5-D91C93868328}
	EndGlobalSection
EndGlobal
